
Microsoft Visual Studio Solution File, Format Version 12.00
# Visual Studio Version 16
VisualStudioVersion = 16.0.30114.105
MinimumVisualStudioVersion = 10.0.40219.1
Project("{FAE04EC0-301F-11D3-BF4B-00C04F79EFBC}") = "LGD_CS", "LGD_CS\LGD_CS.csproj", "{6CD4A2D6-4463-4B95-8B57-A4CA4F20AD39}"
EndProject
Global
	GlobalSection(SolutionConfigurationPlatforms) = preSolution
		Debug|Any CPU = Debug|Any CPU
		Release|Any CPU = Release|Any CPU
	EndGlobalSection
	GlobalSection(ProjectConfigurationPlatforms) = postSolution
		{6CD4A2D6-4463-4B95-8B57-A4CA4F20AD39}.Debug|Any CPU.ActiveCfg = Debug|Any CPU
		{6CD4A2D6-4463-4B95-8B57-A4CA4F20AD39}.Debug|Any CPU.Build.0 = Debug|Any CPU
		{6CD4A2D6-4463-4B95-8B57-A4CA4F20AD39}.Release|Any CPU.ActiveCfg = Release|Any CPU
		{6CD4A2D6-4463-4B95-8B57-A4CA4F20AD39}.Release|Any CPU.Build.0 = Release|Any CPU
	EndGlobalSection
	GlobalSection(SolutionProperties) = preSolution
		HideSolutionNode = FALSE
	EndGlobalSection
	GlobalSection(ExtensibilityGlobals) = postSolution
		SolutionGuid = {E0D1DBD5-EE30-4E2F-A188-F2B72A7743A4}
	EndGlobalSection
EndGlobal
